{
    "requires": true,
    "lockfileVersion": 1,
    "dependencies": {
        "jquery-date-dropdowns": {
            "version": "1.1.1",
            "resolved": "https://registry.npmjs.org/jquery-date-dropdowns/-/jquery-date-dropdowns-1.1.1.tgz",
            "integrity": "sha512-e1u+4zQKYRhu6JxztMCyrpFUnmnZ4Uzur0PTIA8NVcsT//QMHrCnbqwCtoLYiSDMXGJCY3wYjMBP4iYrfNBdjA=="
        }
    }
}
